schema: '2.0'
stages:
  data_collection:
    cmd: python src/data/data_collection.py
    deps:
    - path: src/data/data_collection.py
      hash: md5
      md5: df8287cc843f7cb6c7df053d725c79d6
      size: 1948
    params:
      params.yaml:
        data_collection.test_size: 0.25
    outs:
    - path: data/raw
      hash: md5
      md5: 4f9f1b6cafe09da487d523dae3a6fe82.dir
      size: 518984
      nfiles: 2
  pre_preprocessing:
    cmd: python src/data/data_prep.py
    deps:
    - path: data/raw
      hash: md5
      md5: 4f9f1b6cafe09da487d523dae3a6fe82.dir
      size: 518984
      nfiles: 2
    - path: src/data/data_prep.py
      hash: md5
      md5: 6952f1b3c7b2ea6cd2ce97f7f0ea4581
      size: 1788
    outs:
    - path: data/processed
      hash: md5
      md5: cd477221264c6a4d4187d868cb48f913.dir
      size: 543587
      nfiles: 2
  model_building:
    cmd: python src/model/model_building.py
    deps:
    - path: data/processed
      hash: md5
      md5: cd477221264c6a4d4187d868cb48f913.dir
      size: 543587
      nfiles: 2
    - path: src/model/model_building.py
      hash: md5
      md5: da367dfcd7aa1aec4396ea0082d2df58
      size: 1964
    params:
      params.yaml:
        model_building.n_estimators: 400
    outs:
    - path: models/model.pkl
      hash: md5
      md5: 6481f4b33e88f1451b70199fd75b57dd
      size: 27684395
  model_eval:
    cmd: python src/model/model_eval.py
    deps:
    - path: models/model.pkl
      hash: md5
      md5: 6481f4b33e88f1451b70199fd75b57dd
      size: 27684395
    - path: src/model/model_eval.py
      hash: md5
      md5: 417a8ef083b19623d9456ff0f32fb187
      size: 4975
    outs:
    - path: reports/metrics.json
      hash: md5
      md5: 72b116fc24d8f9aa38c5c19cf3451d55
      size: 134
    - path: reports/run_info.json
      hash: md5
      md5: e0a984637087b0971e6be67f35a0a932
      size: 84
  model_registration:
    cmd: python src/model/model_reg.py
    deps:
    - path: reports/run_info.json
      hash: md5
      md5: e0a984637087b0971e6be67f35a0a932
      size: 84
    - path: src/model/model_reg.py
      hash: md5
      md5: 0264b3ea07d2280babf1b73192428563
      size: 1302
